github.com/StevenDStanton/openaigo v0.0.0-20240713065734-dcb48a62a670 h1:tSDDS4BPuYs3Xgf9cWhGIWu9kLRWgqs8nKZ1jALPEUc=
github.com/StevenDStanton/openaigo v0.0.0-20240713065734-dcb48a62a670/go.mod h1:HrMVlfgGC7OMrM8qNTTcvfBHK29U9c7+cmv3dBsC8Qw=
github.com/StevenDStanton/openaigo v1.0.0 h1:VEzLD+pbP1a0fankoiH42iZUNI64nNOEBMomMjm9tRM=
github.com/StevenDStanton/openaigo v1.0.0/go.mod h1:HrMVlfgGC7OMrM8qNTTcvfBHK29U9c7+cmv3dBsC8Qw=
github.com/StevenDStanton/openaigo v1.0.1 h1:98guSDPgB9VF/+x8qvE9puVna5twy3+xrvcqlw9Gvx4=
github.com/StevenDStanton/openaigo v1.0.1/go.mod h1:HrMVlfgGC7OMrM8qNTTcvfBHK29U9c7+cmv3dBsC8Qw=
github.com/StevenDStanton/openaigo v1.0.2 h1:VCTqffCR3g6zu24PuoTGh9n8ZV+Xni5RBDSD8G2q3Bo=
github.com/StevenDStanton/openaigo v1.0.2/go.mod h1:HrMVlfgGC7OMrM8qNTTcvfBHK29U9c7+cmv3dBsC8Qw=
github.com/StevenDStanton/openaigo v1.0.3 h1:XlbOsNOoQk11nfCWggqSyS/vneh6r7aiR/bXukG1f9c=
github.com/StevenDStanton/openaigo v1.0.3/go.mod h1:HrMVlfgGC7OMrM8qNTTcvfBHK29U9c7+cmv3dBsC8Qw=
github.com/StevenDStanton/openaigo v1.0.4 h1:o/40WBNuq2yuo8z4QCfFH8whOKhfjw2Os9cWcJYnWWA=
github.com/StevenDStanton/openaigo v1.0.4/go.mod h1:HrMVlfgGC7OMrM8qNTTcvfBHK29U9c7+cmv3dBsC8Qw=
github.com/StevenDStanton/openaigo v1.0.5 h1:zrM9so1qVdBuOZ3PAutwcdKmKOlAys/z+sdAHftc3wY=
github.com/StevenDStanton/openaigo v1.0.5/go.mod h1:HrMVlfgGC7OMrM8qNTTcvfBHK29U9c7+cmv3dBsC8Qw=
github.com/StevenDStanton/openaigo v1.0.6 h1:u1hoQvPmf8aDz0HGHbGq4Sl/CxTNFdARO4vSLN67xPQ=
github.com/StevenDStanton/openaigo v1.0.6/go.mod h1:HrMVlfgGC7OMrM8qNTTcvfBHK29U9c7+cmv3dBsC8Qw=
github.com/StevenDStanton/openaigo v1.0.7 h1:SHXRQstvanme1mTPwr2qZ2RWyJOYkWEkfW5nwivVjko=
github.com/StevenDStanton/openaigo v1.0.7/go.mod h1:HrMVlfgGC7OMrM8qNTTcvfBHK29U9c7+cmv3dBsC8Qw=
github.com/StevenDStanton/openaigo v1.0.8 h1:iuhwX73MNxLPj2uPXGqF8/juJEIN0ShntTY11AQldDY=
github.com/StevenDStanton/openaigo v1.0.8/go.mod h1:HrMVlfgGC7OMrM8qNTTcvfBHK29U9c7+cmv3dBsC8Qw=
github.com/joho/godotenv v1.5.1 h1:7eLL/+HRGLY0ldzfGMeQkb7vMd0as4CfYvUVzLqw0N0=
github.com/joho/godotenv v1.5.1/go.mod h1:f4LDr5Voq0i2e/R5DDNOoa2zzDfwtkZa6DnEwAbqwq4=
